
Microsoft Visual Studio Solution File, Format Version 12.00
Project("{FAE04EC0-301F-11D3-BF4B-00C04F79EFBC}") = "GChatBot.WebApi", "GChatBot.WebApi\GChatBot.WebApi.csproj", "{1F6EAA1C-DD4F-4FA0-9E1E-0DC07C77CEFC}"
EndProject
Project("{FAE04EC0-301F-11D3-BF4B-00C04F79EFBC}") = "GChatBot.Data", "GChatBot.Data\GChatBot.Data.csproj", "{B2B23499-2AD3-4FEA-8ECD-F3D4E56B3265}"
EndProject
Project("{FAE04EC0-301F-11D3-BF4B-00C04F79EFBC}") = "GChatBot.Services", "GChatBot.Services\GChatBot.Services.csproj", "{06B7D5B2-C51C-40B9-86A6-3A0C11B4F6DC}"
EndProject
Project("{FAE04EC0-301F-11D3-BF4B-00C04F79EFBC}") = "GChatBot.Worker", "GChatBot.Worker\GChatBot.Worker.csproj", "{D459116E-5CD9-468D-B992-392F73DF1400}"
EndProject
Project("{FAE04EC0-301F-11D3-BF4B-00C04F79EFBC}") = "GChatBot.Test", "GChatBot.Test\GChatBot.Test.csproj", "{486456E8-01C8-4EF2-8A2B-65D81E5DFA7C}"
EndProject
Global
	GlobalSection(SolutionConfigurationPlatforms) = preSolution
		Debug|Any CPU = Debug|Any CPU
		Release|Any CPU = Release|Any CPU
	EndGlobalSection
	GlobalSection(ProjectConfigurationPlatforms) = postSolution
		{1F6EAA1C-DD4F-4FA0-9E1E-0DC07C77CEFC}.Debug|Any CPU.ActiveCfg = Debug|Any CPU
		{1F6EAA1C-DD4F-4FA0-9E1E-0DC07C77CEFC}.Debug|Any CPU.Build.0 = Debug|Any CPU
		{1F6EAA1C-DD4F-4FA0-9E1E-0DC07C77CEFC}.Release|Any CPU.ActiveCfg = Release|Any CPU
		{1F6EAA1C-DD4F-4FA0-9E1E-0DC07C77CEFC}.Release|Any CPU.Build.0 = Release|Any CPU
		{B2B23499-2AD3-4FEA-8ECD-F3D4E56B3265}.Debug|Any CPU.ActiveCfg = Debug|Any CPU
		{B2B23499-2AD3-4FEA-8ECD-F3D4E56B3265}.Debug|Any CPU.Build.0 = Debug|Any CPU
		{B2B23499-2AD3-4FEA-8ECD-F3D4E56B3265}.Release|Any CPU.ActiveCfg = Release|Any CPU
		{B2B23499-2AD3-4FEA-8ECD-F3D4E56B3265}.Release|Any CPU.Build.0 = Release|Any CPU
		{06B7D5B2-C51C-40B9-86A6-3A0C11B4F6DC}.Debug|Any CPU.ActiveCfg = Debug|Any CPU
		{06B7D5B2-C51C-40B9-86A6-3A0C11B4F6DC}.Debug|Any CPU.Build.0 = Debug|Any CPU
		{06B7D5B2-C51C-40B9-86A6-3A0C11B4F6DC}.Release|Any CPU.ActiveCfg = Release|Any CPU
		{06B7D5B2-C51C-40B9-86A6-3A0C11B4F6DC}.Release|Any CPU.Build.0 = Release|Any CPU
		{D459116E-5CD9-468D-B992-392F73DF1400}.Debug|Any CPU.ActiveCfg = Debug|Any CPU
		{D459116E-5CD9-468D-B992-392F73DF1400}.Debug|Any CPU.Build.0 = Debug|Any CPU
		{D459116E-5CD9-468D-B992-392F73DF1400}.Release|Any CPU.ActiveCfg = Release|Any CPU
		{D459116E-5CD9-468D-B992-392F73DF1400}.Release|Any CPU.Build.0 = Release|Any CPU
		{486456E8-01C8-4EF2-8A2B-65D81E5DFA7C}.Debug|Any CPU.ActiveCfg = Debug|Any CPU
		{486456E8-01C8-4EF2-8A2B-65D81E5DFA7C}.Debug|Any CPU.Build.0 = Debug|Any CPU
		{486456E8-01C8-4EF2-8A2B-65D81E5DFA7C}.Release|Any CPU.ActiveCfg = Release|Any CPU
		{486456E8-01C8-4EF2-8A2B-65D81E5DFA7C}.Release|Any CPU.Build.0 = Release|Any CPU
	EndGlobalSection
EndGlobal
